
Microsoft Visual Studio Solution File, Format Version 12.00
# Visual Studio Version 17
VisualStudioVersion = 17.3.32922.545
MinimumVisualStudioVersion = 10.0.40219.1
Project("{9A19103F-16F7-4668-BE54-9A1E7A4F7556}") = "congestion-tax-calculator-net-core", "congestion-tax-calculator-net-core\congestion-tax-calculator-net-core.csproj", "{E85E0A2B-5257-4849-9536-D7299266B049}"
EndProject
Project("{9A19103F-16F7-4668-BE54-9A1E7A4F7556}") = "congestion-tax-calculator-net-core.tests", "congestion-tax-calculator-net-core.tests\congestion-tax-calculator-net-core.tests.csproj", "{46E718A3-F308-4A07-BA84-3FCFD45DC08A}"
EndProject
Project("{9A19103F-16F7-4668-BE54-9A1E7A4F7556}") = "congestion-tax-calculator-db-access", "congestion-tax-calculator-db-access\congestion-tax-calculator-db-access.csproj", "{A8B1FAFF-37B3-4C97-82D7-ABBEFE651C1C}"
EndProject
Project("{9A19103F-16F7-4668-BE54-9A1E7A4F7556}") = "congestion-tax-calculator-api", "congestion-tax-calculator-api\congestion-tax-calculator-api.csproj", "{10D72A62-63FF-42B0-9003-C44FDC5E5890}"
EndProject
Global
	GlobalSection(SolutionConfigurationPlatforms) = preSolution
		Debug|Any CPU = Debug|Any CPU
		Release|Any CPU = Release|Any CPU
	EndGlobalSection
	GlobalSection(ProjectConfigurationPlatforms) = postSolution
		{E85E0A2B-5257-4849-9536-D7299266B049}.Debug|Any CPU.ActiveCfg = Debug|Any CPU
		{E85E0A2B-5257-4849-9536-D7299266B049}.Debug|Any CPU.Build.0 = Debug|Any CPU
		{E85E0A2B-5257-4849-9536-D7299266B049}.Release|Any CPU.ActiveCfg = Release|Any CPU
		{E85E0A2B-5257-4849-9536-D7299266B049}.Release|Any CPU.Build.0 = Release|Any CPU
		{46E718A3-F308-4A07-BA84-3FCFD45DC08A}.Debug|Any CPU.ActiveCfg = Debug|Any CPU
		{46E718A3-F308-4A07-BA84-3FCFD45DC08A}.Debug|Any CPU.Build.0 = Debug|Any CPU
		{46E718A3-F308-4A07-BA84-3FCFD45DC08A}.Release|Any CPU.ActiveCfg = Release|Any CPU
		{46E718A3-F308-4A07-BA84-3FCFD45DC08A}.Release|Any CPU.Build.0 = Release|Any CPU
		{A8B1FAFF-37B3-4C97-82D7-ABBEFE651C1C}.Debug|Any CPU.ActiveCfg = Debug|Any CPU
		{A8B1FAFF-37B3-4C97-82D7-ABBEFE651C1C}.Debug|Any CPU.Build.0 = Debug|Any CPU
		{A8B1FAFF-37B3-4C97-82D7-ABBEFE651C1C}.Release|Any CPU.ActiveCfg = Release|Any CPU
		{A8B1FAFF-37B3-4C97-82D7-ABBEFE651C1C}.Release|Any CPU.Build.0 = Release|Any CPU
		{10D72A62-63FF-42B0-9003-C44FDC5E5890}.Debug|Any CPU.ActiveCfg = Debug|Any CPU
		{10D72A62-63FF-42B0-9003-C44FDC5E5890}.Debug|Any CPU.Build.0 = Debug|Any CPU
		{10D72A62-63FF-42B0-9003-C44FDC5E5890}.Release|Any CPU.ActiveCfg = Release|Any CPU
		{10D72A62-63FF-42B0-9003-C44FDC5E5890}.Release|Any CPU.Build.0 = Release|Any CPU
	EndGlobalSection
	GlobalSection(SolutionProperties) = preSolution
		HideSolutionNode = FALSE
	EndGlobalSection
	GlobalSection(ExtensibilityGlobals) = postSolution
		SolutionGuid = {38F3EF58-D34E-49AA-9FBD-5327E234E016}
	EndGlobalSection
EndGlobal
